
Microsoft Visual Studio Solution File, Format Version 12.00
# Visual Studio Version 16
VisualStudioVersion = 16.0.30413.136
MinimumVisualStudioVersion = 10.0.40219.1
Project("{FAE04EC0-301F-11D3-BF4B-00C04F79EFBC}") = "Quiz1", "Quiz1\Quiz1.csproj", "{B2494222-5367-4B87-ABF1-5B6A5F803F9F}"
EndProject
Global
	GlobalSection(SolutionConfigurationPlatforms) = preSolution
		Debug|Any CPU = Debug|Any CPU
		Release|Any CPU = Release|Any CPU
	EndGlobalSection
	GlobalSection(ProjectConfigurationPlatforms) = postSolution
		{B2494222-5367-4B87-ABF1-5B6A5F803F9F}.Debug|Any CPU.ActiveCfg = Debug|Any CPU
		{B2494222-5367-4B87-ABF1-5B6A5F803F9F}.Debug|Any CPU.Build.0 = Debug|Any CPU
		{B2494222-5367-4B87-ABF1-5B6A5F803F9F}.Release|Any CPU.ActiveCfg = Release|Any CPU
		{B2494222-5367-4B87-ABF1-5B6A5F803F9F}.Release|Any CPU.Build.0 = Release|Any CPU
	EndGlobalSection
	GlobalSection(SolutionProperties) = preSolution
		HideSolutionNode = FALSE
	EndGlobalSection
	GlobalSection(ExtensibilityGlobals) = postSolution
		SolutionGuid = {2F2BDE94-ADEF-412A-8DAF-D4F9C17C60DC}
	EndGlobalSection
EndGlobal
